{
  "requires": true,
  "lockfileVersion": 1,
  "dependencies": {
    "wavesurfer.js": {
      "version": "7.7.8",
      "resolved": "https://registry.npmjs.org/wavesurfer.js/-/wavesurfer.js-7.7.8.tgz",
      "integrity": "sha512-uzpe+wOe031G03wC4P/LO7Ai9OkF7Wyh8QGn9IMjAbwtiwK+H083cOZij9S4SD/vEdTdXligFKvziSB9bVmaIg=="
    }
  }
}
